
Microsoft Visual Studio Solution File, Format Version 12.00
# Visual Studio Version 16
VisualStudioVersion = 16.0.31702.278
MinimumVisualStudioVersion = 10.0.40219.1
Project("{FAE04EC0-301F-11D3-BF4B-00C04F79EFBC}") = "InventoryControl", "InventoryControl\InventoryControl.csproj", "{B9EFE178-FD3D-4D74-8002-7524B0FEF592}"
EndProject
Global
	GlobalSection(SolutionConfigurationPlatforms) = preSolution
		Debug|Any CPU = Debug|Any CPU
		Release|Any CPU = Release|Any CPU
	EndGlobalSection
	GlobalSection(ProjectConfigurationPlatforms) = postSolution
		{B9EFE178-FD3D-4D74-8002-7524B0FEF592}.Debug|Any CPU.ActiveCfg = Debug|Any CPU
		{B9EFE178-FD3D-4D74-8002-7524B0FEF592}.Debug|Any CPU.Build.0 = Debug|Any CPU
		{B9EFE178-FD3D-4D74-8002-7524B0FEF592}.Release|Any CPU.ActiveCfg = Release|Any CPU
		{B9EFE178-FD3D-4D74-8002-7524B0FEF592}.Release|Any CPU.Build.0 = Release|Any CPU
	EndGlobalSection
	GlobalSection(SolutionProperties) = preSolution
		HideSolutionNode = FALSE
	EndGlobalSection
	GlobalSection(ExtensibilityGlobals) = postSolution
		SolutionGuid = {593E747A-9F76-4533-9C36-F46830EAE7DF}
	EndGlobalSection
EndGlobal
